
Microsoft Visual Studio Solution File, Format Version 12.00
# Visual Studio Version 17
VisualStudioVersion = 17.2.32526.322
MinimumVisualStudioVersion = 10.0.40219.1
Project("{2150E333-8FDC-42A3-9474-1A3956D46DE8}") = "Microservices", "Microservices", "{B03FDCAD-3FAE-4D4C-BDE1-E15331A9F288}"
EndProject
Project("{2150E333-8FDC-42A3-9474-1A3956D46DE8}") = "SkillTracker", "SkillTracker", "{F3E9CCC9-23D2-4A42-BCDB-516542C53898}"
EndProject
Project("{2150E333-8FDC-42A3-9474-1A3956D46DE8}") = "Api", "Api", "{ADC2F1AC-8007-432D-8B23-BCA989E0C2AA}"
EndProject
Project("{2150E333-8FDC-42A3-9474-1A3956D46DE8}") = "Application", "Application", "{6620BC0D-D92F-409C-AA20-CEB35B05E408}"
EndProject
Project("{2150E333-8FDC-42A3-9474-1A3956D46DE8}") = "Data", "Data", "{C9830FDA-10B1-4255-BDA1-D9292BA8ADF0}"
EndProject
Project("{2150E333-8FDC-42A3-9474-1A3956D46DE8}") = "Domain", "Domain", "{F1562A19-ABF6-45F4-8272-3F8DF5B9FBE4}"
EndProject
Project("{9A19103F-16F7-4668-BE54-9A1E7A4F7556}") = "SkillTracker.Profile.Api", "SkillTracker.Profile.Api\SkillTracker.Profile.Api.csproj", "{0B909454-1F95-47EE-A418-BDDCBF309D0E}"
EndProject
Project("{9A19103F-16F7-4668-BE54-9A1E7A4F7556}") = "SkillTracker.Profile.Application", "SkillTracker.Profile.Application\SkillTracker.Profile.Application.csproj", "{201B7EAC-1A39-4A77-904D-70CA8CBA6BA9}"
EndProject
Project("{9A19103F-16F7-4668-BE54-9A1E7A4F7556}") = "SkillTracker.Profile.Data", "SkillTracker.Profile.Data\SkillTracker.Profile.Data.csproj", "{6952C1EC-E724-490A-B47B-1A27AA06D0DF}"
EndProject
Project("{9A19103F-16F7-4668-BE54-9A1E7A4F7556}") = "SkillTracker.Profile.Domain", "SkillTracker.Profile.Domain\SkillTracker.Profile.Domain.csproj", "{4BBD2BA6-C7DF-471D-9225-34C0ED66321E}"
EndProject
Project("{2150E333-8FDC-42A3-9474-1A3956D46DE8}") = "Containerization", "Containerization", "{2E4CF570-83C4-4266-BBE2-6320C6CA532C}"
	ProjectSection(SolutionItems) = preProject
		Dockerfile = Dockerfile
	EndProjectSection
EndProject
Project("{9A19103F-16F7-4668-BE54-9A1E7A4F7556}") = "SkillTracker.Search.Api", "SkillTracker.Search.Api\SkillTracker.Search.Api.csproj", "{E75E4E08-D6C0-4BB0-8E44-73A982A9A4E5}"
EndProject
Project("{2150E333-8FDC-42A3-9474-1A3956D46DE8}") = "Common", "Common", "{DEF369DE-602C-4402-A9DE-013EC2468CBF}"
EndProject
Project("{9A19103F-16F7-4668-BE54-9A1E7A4F7556}") = "SkillTracker.Common.Utils", "SkillTracker.Common.Utils\SkillTracker.Common.Utils.csproj", "{C652275C-BBBF-499A-AD64-0A47D9D818D4}"
EndProject
Project("{9A19103F-16F7-4668-BE54-9A1E7A4F7556}") = "SkillTracker.Search.Application", "SkillTracker.Search.Application\SkillTracker.Search.Application.csproj", "{6387D711-6F72-44E7-B7B3-E5E13EA93951}"
EndProject
Project("{9A19103F-16F7-4668-BE54-9A1E7A4F7556}") = "SkillTracker.Search.Domain", "SkillTracker.Search.Domain\SkillTracker.Search.Domain.csproj", "{3E5A4C3B-84CC-406B-8F0E-44AD5E43D099}"
EndProject
Project("{2150E333-8FDC-42A3-9474-1A3956D46DE8}") = "Infrastructure", "Infrastructure", "{B7042826-1F8B-4C2F-BE29-0D7D14E04582}"
EndProject
Project("{9A19103F-16F7-4668-BE54-9A1E7A4F7556}") = "SkillTracker.Profile.Infrastructure", "SkillTracker.Profile.Infrastructure\SkillTracker.Profile.Infrastructure.csproj", "{F97F2BEB-2F88-481F-BA51-6C4B58190C81}"
EndProject
Project("{9A19103F-16F7-4668-BE54-9A1E7A4F7556}") = "SkillTracker.Common.MessageContracts", "SkillTracker.Common.MessageContracts\SkillTracker.Common.MessageContracts.csproj", "{E9BF969C-B836-44E6-B51F-FAFCF7B57C82}"
EndProject
Project("{9A19103F-16F7-4668-BE54-9A1E7A4F7556}") = "SkillTracker.Search.Cache", "SkillTracker.Search.Cache\SkillTracker.Search.Cache.csproj", "{7BB59FD6-C746-46C4-BBCB-045CDBF85742}"
EndProject
Global
	GlobalSection(SolutionConfigurationPlatforms) = preSolution
		Cloud|Any CPU = Cloud|Any CPU
		Debug|Any CPU = Debug|Any CPU
		Local|Any CPU = Local|Any CPU
		Release|Any CPU = Release|Any CPU
	EndGlobalSection
	GlobalSection(ProjectConfigurationPlatforms) = postSolution
		{0B909454-1F95-47EE-A418-BDDCBF309D0E}.Cloud|Any CPU.ActiveCfg = Cloud|Any CPU
		{0B909454-1F95-47EE-A418-BDDCBF309D0E}.Cloud|Any CPU.Build.0 = Cloud|Any CPU
		{0B909454-1F95-47EE-A418-BDDCBF309D0E}.Debug|Any CPU.ActiveCfg = Debug|Any CPU
		{0B909454-1F95-47EE-A418-BDDCBF309D0E}.Debug|Any CPU.Build.0 = Debug|Any CPU
		{0B909454-1F95-47EE-A418-BDDCBF309D0E}.Local|Any CPU.ActiveCfg = Local|Any CPU
		{0B909454-1F95-47EE-A418-BDDCBF309D0E}.Local|Any CPU.Build.0 = Local|Any CPU
		{0B909454-1F95-47EE-A418-BDDCBF309D0E}.Release|Any CPU.ActiveCfg = Release|Any CPU
		{0B909454-1F95-47EE-A418-BDDCBF309D0E}.Release|Any CPU.Build.0 = Release|Any CPU
		{201B7EAC-1A39-4A77-904D-70CA8CBA6BA9}.Cloud|Any CPU.ActiveCfg = Cloud|Any CPU
		{201B7EAC-1A39-4A77-904D-70CA8CBA6BA9}.Cloud|Any CPU.Build.0 = Cloud|Any CPU
		{201B7EAC-1A39-4A77-904D-70CA8CBA6BA9}.Debug|Any CPU.ActiveCfg = Debug|Any CPU
		{201B7EAC-1A39-4A77-904D-70CA8CBA6BA9}.Debug|Any CPU.Build.0 = Debug|Any CPU
		{201B7EAC-1A39-4A77-904D-70CA8CBA6BA9}.Local|Any CPU.ActiveCfg = Local|Any CPU
		{201B7EAC-1A39-4A77-904D-70CA8CBA6BA9}.Local|Any CPU.Build.0 = Local|Any CPU
		{201B7EAC-1A39-4A77-904D-70CA8CBA6BA9}.Release|Any CPU.ActiveCfg = Release|Any CPU
		{201B7EAC-1A39-4A77-904D-70CA8CBA6BA9}.Release|Any CPU.Build.0 = Release|Any CPU
		{6952C1EC-E724-490A-B47B-1A27AA06D0DF}.Cloud|Any CPU.ActiveCfg = Cloud|Any CPU
		{6952C1EC-E724-490A-B47B-1A27AA06D0DF}.Cloud|Any CPU.Build.0 = Cloud|Any CPU
		{6952C1EC-E724-490A-B47B-1A27AA06D0DF}.Debug|Any CPU.ActiveCfg = Debug|Any CPU
		{6952C1EC-E724-490A-B47B-1A27AA06D0DF}.Debug|Any CPU.Build.0 = Debug|Any CPU
		{6952C1EC-E724-490A-B47B-1A27AA06D0DF}.Local|Any CPU.ActiveCfg = Local|Any CPU
		{6952C1EC-E724-490A-B47B-1A27AA06D0DF}.Local|Any CPU.Build.0 = Local|Any CPU
		{6952C1EC-E724-490A-B47B-1A27AA06D0DF}.Release|Any CPU.ActiveCfg = Release|Any CPU
		{6952C1EC-E724-490A-B47B-1A27AA06D0DF}.Release|Any CPU.Build.0 = Release|Any CPU
		{4BBD2BA6-C7DF-471D-9225-34C0ED66321E}.Cloud|Any CPU.ActiveCfg = Cloud|Any CPU
		{4BBD2BA6-C7DF-471D-9225-34C0ED66321E}.Cloud|Any CPU.Build.0 = Cloud|Any CPU
		{4BBD2BA6-C7DF-471D-9225-34C0ED66321E}.Debug|Any CPU.ActiveCfg = Debug|Any CPU
		{4BBD2BA6-C7DF-471D-9225-34C0ED66321E}.Debug|Any CPU.Build.0 = Debug|Any CPU
		{4BBD2BA6-C7DF-471D-9225-34C0ED66321E}.Local|Any CPU.ActiveCfg = Local|Any CPU
		{4BBD2BA6-C7DF-471D-9225-34C0ED66321E}.Local|Any CPU.Build.0 = Local|Any CPU
		{4BBD2BA6-C7DF-471D-9225-34C0ED66321E}.Release|Any CPU.ActiveCfg = Release|Any CPU
		{4BBD2BA6-C7DF-471D-9225-34C0ED66321E}.Release|Any CPU.Build.0 = Release|Any CPU
		{E75E4E08-D6C0-4BB0-8E44-73A982A9A4E5}.Cloud|Any CPU.ActiveCfg = Cloud|Any CPU
		{E75E4E08-D6C0-4BB0-8E44-73A982A9A4E5}.Cloud|Any CPU.Build.0 = Cloud|Any CPU
		{E75E4E08-D6C0-4BB0-8E44-73A982A9A4E5}.Debug|Any CPU.ActiveCfg = Debug|Any CPU
		{E75E4E08-D6C0-4BB0-8E44-73A982A9A4E5}.Debug|Any CPU.Build.0 = Debug|Any CPU
		{E75E4E08-D6C0-4BB0-8E44-73A982A9A4E5}.Local|Any CPU.ActiveCfg = Local|Any CPU
		{E75E4E08-D6C0-4BB0-8E44-73A982A9A4E5}.Local|Any CPU.Build.0 = Local|Any CPU
		{E75E4E08-D6C0-4BB0-8E44-73A982A9A4E5}.Release|Any CPU.ActiveCfg = Release|Any CPU
		{E75E4E08-D6C0-4BB0-8E44-73A982A9A4E5}.Release|Any CPU.Build.0 = Release|Any CPU
		{C652275C-BBBF-499A-AD64-0A47D9D818D4}.Cloud|Any CPU.ActiveCfg = Cloud|Any CPU
		{C652275C-BBBF-499A-AD64-0A47D9D818D4}.Cloud|Any CPU.Build.0 = Cloud|Any CPU
		{C652275C-BBBF-499A-AD64-0A47D9D818D4}.Debug|Any CPU.ActiveCfg = Debug|Any CPU
		{C652275C-BBBF-499A-AD64-0A47D9D818D4}.Debug|Any CPU.Build.0 = Debug|Any CPU
		{C652275C-BBBF-499A-AD64-0A47D9D818D4}.Local|Any CPU.ActiveCfg = Local|Any CPU
		{C652275C-BBBF-499A-AD64-0A47D9D818D4}.Local|Any CPU.Build.0 = Local|Any CPU
		{C652275C-BBBF-499A-AD64-0A47D9D818D4}.Release|Any CPU.ActiveCfg = Release|Any CPU
		{C652275C-BBBF-499A-AD64-0A47D9D818D4}.Release|Any CPU.Build.0 = Release|Any CPU
		{6387D711-6F72-44E7-B7B3-E5E13EA93951}.Cloud|Any CPU.ActiveCfg = Cloud|Any CPU
		{6387D711-6F72-44E7-B7B3-E5E13EA93951}.Cloud|Any CPU.Build.0 = Cloud|Any CPU
		{6387D711-6F72-44E7-B7B3-E5E13EA93951}.Debug|Any CPU.ActiveCfg = Debug|Any CPU
		{6387D711-6F72-44E7-B7B3-E5E13EA93951}.Debug|Any CPU.Build.0 = Debug|Any CPU
		{6387D711-6F72-44E7-B7B3-E5E13EA93951}.Local|Any CPU.ActiveCfg = Local|Any CPU
		{6387D711-6F72-44E7-B7B3-E5E13EA93951}.Local|Any CPU.Build.0 = Local|Any CPU
		{6387D711-6F72-44E7-B7B3-E5E13EA93951}.Release|Any CPU.ActiveCfg = Release|Any CPU
		{6387D711-6F72-44E7-B7B3-E5E13EA93951}.Release|Any CPU.Build.0 = Release|Any CPU
		{3E5A4C3B-84CC-406B-8F0E-44AD5E43D099}.Cloud|Any CPU.ActiveCfg = Cloud|Any CPU
		{3E5A4C3B-84CC-406B-8F0E-44AD5E43D099}.Cloud|Any CPU.Build.0 = Cloud|Any CPU
		{3E5A4C3B-84CC-406B-8F0E-44AD5E43D099}.Debug|Any CPU.ActiveCfg = Debug|Any CPU
		{3E5A4C3B-84CC-406B-8F0E-44AD5E43D099}.Debug|Any CPU.Build.0 = Debug|Any CPU
		{3E5A4C3B-84CC-406B-8F0E-44AD5E43D099}.Local|Any CPU.ActiveCfg = Local|Any CPU
		{3E5A4C3B-84CC-406B-8F0E-44AD5E43D099}.Local|Any CPU.Build.0 = Local|Any CPU
		{3E5A4C3B-84CC-406B-8F0E-44AD5E43D099}.Release|Any CPU.ActiveCfg = Release|Any CPU
		{3E5A4C3B-84CC-406B-8F0E-44AD5E43D099}.Release|Any CPU.Build.0 = Release|Any CPU
		{F97F2BEB-2F88-481F-BA51-6C4B58190C81}.Cloud|Any CPU.ActiveCfg = Cloud|Any CPU
		{F97F2BEB-2F88-481F-BA51-6C4B58190C81}.Cloud|Any CPU.Build.0 = Cloud|Any CPU
		{F97F2BEB-2F88-481F-BA51-6C4B58190C81}.Debug|Any CPU.ActiveCfg = Debug|Any CPU
		{F97F2BEB-2F88-481F-BA51-6C4B58190C81}.Debug|Any CPU.Build.0 = Debug|Any CPU
		{F97F2BEB-2F88-481F-BA51-6C4B58190C81}.Local|Any CPU.ActiveCfg = Local|Any CPU
		{F97F2BEB-2F88-481F-BA51-6C4B58190C81}.Local|Any CPU.Build.0 = Local|Any CPU
		{F97F2BEB-2F88-481F-BA51-6C4B58190C81}.Release|Any CPU.ActiveCfg = Release|Any CPU
		{F97F2BEB-2F88-481F-BA51-6C4B58190C81}.Release|Any CPU.Build.0 = Release|Any CPU
		{E9BF969C-B836-44E6-B51F-FAFCF7B57C82}.Cloud|Any CPU.ActiveCfg = Cloud|Any CPU
		{E9BF969C-B836-44E6-B51F-FAFCF7B57C82}.Cloud|Any CPU.Build.0 = Cloud|Any CPU
		{E9BF969C-B836-44E6-B51F-FAFCF7B57C82}.Debug|Any CPU.ActiveCfg = Debug|Any CPU
		{E9BF969C-B836-44E6-B51F-FAFCF7B57C82}.Debug|Any CPU.Build.0 = Debug|Any CPU
		{E9BF969C-B836-44E6-B51F-FAFCF7B57C82}.Local|Any CPU.ActiveCfg = Local|Any CPU
		{E9BF969C-B836-44E6-B51F-FAFCF7B57C82}.Local|Any CPU.Build.0 = Local|Any CPU
		{E9BF969C-B836-44E6-B51F-FAFCF7B57C82}.Release|Any CPU.ActiveCfg = Release|Any CPU
		{E9BF969C-B836-44E6-B51F-FAFCF7B57C82}.Release|Any CPU.Build.0 = Release|Any CPU
		{7BB59FD6-C746-46C4-BBCB-045CDBF85742}.Cloud|Any CPU.ActiveCfg = Cloud|Any CPU
		{7BB59FD6-C746-46C4-BBCB-045CDBF85742}.Cloud|Any CPU.Build.0 = Cloud|Any CPU
		{7BB59FD6-C746-46C4-BBCB-045CDBF85742}.Debug|Any CPU.ActiveCfg = Debug|Any CPU
		{7BB59FD6-C746-46C4-BBCB-045CDBF85742}.Debug|Any CPU.Build.0 = Debug|Any CPU
		{7BB59FD6-C746-46C4-BBCB-045CDBF85742}.Local|Any CPU.ActiveCfg = Local|Any CPU
		{7BB59FD6-C746-46C4-BBCB-045CDBF85742}.Local|Any CPU.Build.0 = Local|Any CPU
		{7BB59FD6-C746-46C4-BBCB-045CDBF85742}.Release|Any CPU.ActiveCfg = Release|Any CPU
		{7BB59FD6-C746-46C4-BBCB-045CDBF85742}.Release|Any CPU.Build.0 = Release|Any CPU
	EndGlobalSection
	GlobalSection(SolutionProperties) = preSolution
		HideSolutionNode = FALSE
	EndGlobalSection
	GlobalSection(NestedProjects) = preSolution
		{F3E9CCC9-23D2-4A42-BCDB-516542C53898} = {B03FDCAD-3FAE-4D4C-BDE1-E15331A9F288}
		{ADC2F1AC-8007-432D-8B23-BCA989E0C2AA} = {F3E9CCC9-23D2-4A42-BCDB-516542C53898}
		{6620BC0D-D92F-409C-AA20-CEB35B05E408} = {F3E9CCC9-23D2-4A42-BCDB-516542C53898}
		{C9830FDA-10B1-4255-BDA1-D9292BA8ADF0} = {F3E9CCC9-23D2-4A42-BCDB-516542C53898}
		{F1562A19-ABF6-45F4-8272-3F8DF5B9FBE4} = {F3E9CCC9-23D2-4A42-BCDB-516542C53898}
		{0B909454-1F95-47EE-A418-BDDCBF309D0E} = {ADC2F1AC-8007-432D-8B23-BCA989E0C2AA}
		{201B7EAC-1A39-4A77-904D-70CA8CBA6BA9} = {6620BC0D-D92F-409C-AA20-CEB35B05E408}
		{6952C1EC-E724-490A-B47B-1A27AA06D0DF} = {C9830FDA-10B1-4255-BDA1-D9292BA8ADF0}
		{4BBD2BA6-C7DF-471D-9225-34C0ED66321E} = {F1562A19-ABF6-45F4-8272-3F8DF5B9FBE4}
		{E75E4E08-D6C0-4BB0-8E44-73A982A9A4E5} = {ADC2F1AC-8007-432D-8B23-BCA989E0C2AA}
		{DEF369DE-602C-4402-A9DE-013EC2468CBF} = {F3E9CCC9-23D2-4A42-BCDB-516542C53898}
		{C652275C-BBBF-499A-AD64-0A47D9D818D4} = {DEF369DE-602C-4402-A9DE-013EC2468CBF}
		{6387D711-6F72-44E7-B7B3-E5E13EA93951} = {6620BC0D-D92F-409C-AA20-CEB35B05E408}
		{3E5A4C3B-84CC-406B-8F0E-44AD5E43D099} = {F1562A19-ABF6-45F4-8272-3F8DF5B9FBE4}
		{B7042826-1F8B-4C2F-BE29-0D7D14E04582} = {F3E9CCC9-23D2-4A42-BCDB-516542C53898}
		{F97F2BEB-2F88-481F-BA51-6C4B58190C81} = {B7042826-1F8B-4C2F-BE29-0D7D14E04582}
		{E9BF969C-B836-44E6-B51F-FAFCF7B57C82} = {DEF369DE-602C-4402-A9DE-013EC2468CBF}
		{7BB59FD6-C746-46C4-BBCB-045CDBF85742} = {C9830FDA-10B1-4255-BDA1-D9292BA8ADF0}
	EndGlobalSection
	GlobalSection(ExtensibilityGlobals) = postSolution
		SolutionGuid = {536FA907-98BB-4FBD-899D-E682A78375FB}
	EndGlobalSection
EndGlobal
